
Microsoft Visual Studio Solution File, Format Version 11.00
# Visual Studio 2010
Project("{FAE04EC0-301F-11D3-BF4B-00C04F79EFBC}") = "Assembly-CSharp", "Assembly-CSharp.csproj", "{55D08DD6-E029-6ECC-2CCF-9DBF76434F89}"
EndProject
Project("{FAE04EC0-301F-11D3-BF4B-00C04F79EFBC}") = "Assembly-CSharp-Editor", "Assembly-CSharp-Editor.csproj", "{8B0DC3C7-E5AF-AF09-1B71-EFBCFF800DB9}"
EndProject
Global
	GlobalSection(SolutionConfigurationPlatforms) = preSolution
		Debug|Any CPU = Debug|Any CPU
		Release|Any CPU = Release|Any CPU
	EndGlobalSection
	GlobalSection(ProjectConfigurationPlatforms) = postSolution
		{55D08DD6-E029-6ECC-2CCF-9DBF76434F89}.Debug|Any CPU.ActiveCfg = Debug|Any CPU
		{55D08DD6-E029-6ECC-2CCF-9DBF76434F89}.Debug|Any CPU.Build.0 = Debug|Any CPU
		{55D08DD6-E029-6ECC-2CCF-9DBF76434F89}.Release|Any CPU.ActiveCfg = Release|Any CPU
		{55D08DD6-E029-6ECC-2CCF-9DBF76434F89}.Release|Any CPU.Build.0 = Release|Any CPU
		{8B0DC3C7-E5AF-AF09-1B71-EFBCFF800DB9}.Debug|Any CPU.ActiveCfg = Debug|Any CPU
		{8B0DC3C7-E5AF-AF09-1B71-EFBCFF800DB9}.Debug|Any CPU.Build.0 = Debug|Any CPU
		{8B0DC3C7-E5AF-AF09-1B71-EFBCFF800DB9}.Release|Any CPU.ActiveCfg = Release|Any CPU
		{8B0DC3C7-E5AF-AF09-1B71-EFBCFF800DB9}.Release|Any CPU.Build.0 = Release|Any CPU
	EndGlobalSection
	GlobalSection(SolutionProperties) = preSolution
		HideSolutionNode = FALSE
	EndGlobalSection
	GlobalSection(MonoDevelopProperties) = preSolution
		StartupItem = Assembly-CSharp.csproj
	EndGlobalSection
EndGlobal
